
Microsoft Visual Studio Solution File, Format Version 12.00
# Visual Studio Version 17
VisualStudioVersion = 17.4.33213.308
MinimumVisualStudioVersion = 10.0.40219.1
Project("{FAE04EC0-301F-11D3-BF4B-00C04F79EFBC}") = "StudentGroupMVC", "StudentGroupMVC\StudentGroupMVC.csproj", "{FD3DE11F-49F0-4574-B243-F0521A52A604}"
EndProject
Global
	GlobalSection(SolutionConfigurationPlatforms) = preSolution
		Debug|Any CPU = Debug|Any CPU
		Release|Any CPU = Release|Any CPU
	EndGlobalSection
	GlobalSection(ProjectConfigurationPlatforms) = postSolution
		{FD3DE11F-49F0-4574-B243-F0521A52A604}.Debug|Any CPU.ActiveCfg = Debug|Any CPU
		{FD3DE11F-49F0-4574-B243-F0521A52A604}.Debug|Any CPU.Build.0 = Debug|Any CPU
		{FD3DE11F-49F0-4574-B243-F0521A52A604}.Release|Any CPU.ActiveCfg = Release|Any CPU
		{FD3DE11F-49F0-4574-B243-F0521A52A604}.Release|Any CPU.Build.0 = Release|Any CPU
	EndGlobalSection
	GlobalSection(SolutionProperties) = preSolution
		HideSolutionNode = FALSE
	EndGlobalSection
	GlobalSection(ExtensibilityGlobals) = postSolution
		SolutionGuid = {96786E1F-5825-4724-BD4A-E2D1B80BC303}
	EndGlobalSection
EndGlobal
